
Microsoft Visual Studio Solution File, Format Version 12.00
# Visual Studio Version 16
VisualStudioVersion = 16.0.30011.22
MinimumVisualStudioVersion = 10.0.40219.1
Project("{FAE04EC0-301F-11D3-BF4B-00C04F79EFBC}") = "basic_element_structure_engine", "basic_element_structure_engine\basic_element_structure_engine.csproj", "{39C70F95-8471-4A3C-A81F-1BC72A8D5FFF}"
EndProject
Project("{FAE04EC0-301F-11D3-BF4B-00C04F79EFBC}") = "basic_element_database", "basic_element_database\basic_element_database.csproj", "{3FF3C0DE-488C-40CC-AD43-5D9A21C0F327}"
EndProject
Project("{FAE04EC0-301F-11D3-BF4B-00C04F79EFBC}") = "basic_element_service_engine", "basic_element_service_engine\basic_element_service_engine.csproj", "{794DBDE8-4223-44A4-BF39-4DC1E047F5F7}"
EndProject
Global
	GlobalSection(SolutionConfigurationPlatforms) = preSolution
		Debug|Any CPU = Debug|Any CPU
		Release|Any CPU = Release|Any CPU
	EndGlobalSection
	GlobalSection(ProjectConfigurationPlatforms) = postSolution
		{39C70F95-8471-4A3C-A81F-1BC72A8D5FFF}.Debug|Any CPU.ActiveCfg = Debug|Any CPU
		{39C70F95-8471-4A3C-A81F-1BC72A8D5FFF}.Debug|Any CPU.Build.0 = Debug|Any CPU
		{39C70F95-8471-4A3C-A81F-1BC72A8D5FFF}.Release|Any CPU.ActiveCfg = Release|Any CPU
		{39C70F95-8471-4A3C-A81F-1BC72A8D5FFF}.Release|Any CPU.Build.0 = Release|Any CPU
		{3FF3C0DE-488C-40CC-AD43-5D9A21C0F327}.Debug|Any CPU.ActiveCfg = Debug|Any CPU
		{3FF3C0DE-488C-40CC-AD43-5D9A21C0F327}.Debug|Any CPU.Build.0 = Debug|Any CPU
		{3FF3C0DE-488C-40CC-AD43-5D9A21C0F327}.Release|Any CPU.ActiveCfg = Release|Any CPU
		{3FF3C0DE-488C-40CC-AD43-5D9A21C0F327}.Release|Any CPU.Build.0 = Release|Any CPU
		{794DBDE8-4223-44A4-BF39-4DC1E047F5F7}.Debug|Any CPU.ActiveCfg = Debug|Any CPU
		{794DBDE8-4223-44A4-BF39-4DC1E047F5F7}.Debug|Any CPU.Build.0 = Debug|Any CPU
		{794DBDE8-4223-44A4-BF39-4DC1E047F5F7}.Release|Any CPU.ActiveCfg = Release|Any CPU
		{794DBDE8-4223-44A4-BF39-4DC1E047F5F7}.Release|Any CPU.Build.0 = Release|Any CPU
	EndGlobalSection
	GlobalSection(SolutionProperties) = preSolution
		HideSolutionNode = FALSE
	EndGlobalSection
	GlobalSection(ExtensibilityGlobals) = postSolution
		SolutionGuid = {2E8B1BC2-F455-4BE8-AD3B-DE3396BCC2A9}
	EndGlobalSection
EndGlobal
